
Microsoft Visual Studio Solution File, Format Version 12.00
# Visual Studio Version 16
VisualStudioVersion = 16.0.31702.278
MinimumVisualStudioVersion = 10.0.40219.1
Project("{FAE04EC0-301F-11D3-BF4B-00C04F79EFBC}") = "AssignementStickNotes", "AssignementStickNotes.csproj", "{C39B026D-DCA8-4637-A9A1-344ACA46AB1F}"
EndProject
Global
	GlobalSection(SolutionConfigurationPlatforms) = preSolution
		Debug|Any CPU = Debug|Any CPU
		Release|Any CPU = Release|Any CPU
	EndGlobalSection
	GlobalSection(ProjectConfigurationPlatforms) = postSolution
		{C39B026D-DCA8-4637-A9A1-344ACA46AB1F}.Debug|Any CPU.ActiveCfg = Debug|Any CPU
		{C39B026D-DCA8-4637-A9A1-344ACA46AB1F}.Debug|Any CPU.Build.0 = Debug|Any CPU
		{C39B026D-DCA8-4637-A9A1-344ACA46AB1F}.Release|Any CPU.ActiveCfg = Release|Any CPU
		{C39B026D-DCA8-4637-A9A1-344ACA46AB1F}.Release|Any CPU.Build.0 = Release|Any CPU
	EndGlobalSection
	GlobalSection(SolutionProperties) = preSolution
		HideSolutionNode = FALSE
	EndGlobalSection
	GlobalSection(ExtensibilityGlobals) = postSolution
		SolutionGuid = {933BF757-BEFC-4A6F-88C2-34566C6007AB}
	EndGlobalSection
EndGlobal
